
Microsoft Visual Studio Solution File, Format Version 12.00
# Visual Studio Version 16
VisualStudioVersion = 16.0.30320.27
MinimumVisualStudioVersion = 10.0.40219.1
Project("{FAE04EC0-301F-11D3-BF4B-00C04F79EFBC}") = "HumberEnrollmentAssignment", "HumberEnrollmentAssignment\HumberEnrollmentAssignment.csproj", "{65C32674-0C6F-4E0D-B215-7B14D8B6E26A}"
EndProject
Global
	GlobalSection(SolutionConfigurationPlatforms) = preSolution
		Debug|Any CPU = Debug|Any CPU
		Release|Any CPU = Release|Any CPU
	EndGlobalSection
	GlobalSection(ProjectConfigurationPlatforms) = postSolution
		{65C32674-0C6F-4E0D-B215-7B14D8B6E26A}.Debug|Any CPU.ActiveCfg = Debug|Any CPU
		{65C32674-0C6F-4E0D-B215-7B14D8B6E26A}.Debug|Any CPU.Build.0 = Debug|Any CPU
		{65C32674-0C6F-4E0D-B215-7B14D8B6E26A}.Release|Any CPU.ActiveCfg = Release|Any CPU
		{65C32674-0C6F-4E0D-B215-7B14D8B6E26A}.Release|Any CPU.Build.0 = Release|Any CPU
	EndGlobalSection
	GlobalSection(SolutionProperties) = preSolution
		HideSolutionNode = FALSE
	EndGlobalSection
	GlobalSection(ExtensibilityGlobals) = postSolution
		SolutionGuid = {6E48CB2D-8B02-4952-B36D-541AC9C88031}
	EndGlobalSection
EndGlobal
